
Microsoft Visual Studio Solution File, Format Version 12.00
# Visual Studio Version 17
VisualStudioVersion = 17.8.34408.163
MinimumVisualStudioVersion = 10.0.40219.1
Project("{8BC9CEB8-8B4A-11D0-8D11-00A0C91BC942}") = "Distributed-Prime-Checker", "Distributed-Prime-Checker.vcxproj", "{BABBFEDB-C397-4D8F-A157-657677383EDC}"
EndProject
Global
	GlobalSection(SolutionConfigurationPlatforms) = preSolution
		Debug|x64 = Debug|x64
		Debug|x86 = Debug|x86
		Release|x64 = Release|x64
		Release|x86 = Release|x86
	EndGlobalSection
	GlobalSection(ProjectConfigurationPlatforms) = postSolution
		{BABBFEDB-C397-4D8F-A157-657677383EDC}.Debug|x64.ActiveCfg = Debug|x64
		{BABBFEDB-C397-4D8F-A157-657677383EDC}.Debug|x64.Build.0 = Debug|x64
		{BABBFEDB-C397-4D8F-A157-657677383EDC}.Debug|x86.ActiveCfg = Debug|Win32
		{BABBFEDB-C397-4D8F-A157-657677383EDC}.Debug|x86.Build.0 = Debug|Win32
		{BABBFEDB-C397-4D8F-A157-657677383EDC}.Release|x64.ActiveCfg = Release|x64
		{BABBFEDB-C397-4D8F-A157-657677383EDC}.Release|x64.Build.0 = Release|x64
		{BABBFEDB-C397-4D8F-A157-657677383EDC}.Release|x86.ActiveCfg = Release|Win32
		{BABBFEDB-C397-4D8F-A157-657677383EDC}.Release|x86.Build.0 = Release|Win32
	EndGlobalSection
	GlobalSection(SolutionProperties) = preSolution
		HideSolutionNode = FALSE
	EndGlobalSection
	GlobalSection(ExtensibilityGlobals) = postSolution
		SolutionGuid = {B32F0BD8-6AB7-4D08-80EC-DA7DB21274F0}
	EndGlobalSection
EndGlobal
